
Microsoft Visual Studio Solution File, Format Version 12.00
# Visual Studio Version 16
VisualStudioVersion = 16.0.31911.196
MinimumVisualStudioVersion = 10.0.40219.1
Project("{9A19103F-16F7-4668-BE54-9A1E7A4F7556}") = "Mvc_Proje", "Ilk_Mvc_Projesi\Mvc_Proje.csproj", "{C2E1DDDA-0D38-42EA-A1DF-E9A724DD9CFA}"
EndProject
Project("{9A19103F-16F7-4668-BE54-9A1E7A4F7556}") = "Layoutkullanımı", "Layoutkullanımı\Layoutkullanımı.csproj", "{3F8CAF78-032D-40FD-8D3D-9C89378FE111}"
EndProject
Project("{9A19103F-16F7-4668-BE54-9A1E7A4F7556}") = "ItServiesApp", "ItServiesApp\ItServiesApp.csproj", "{76ED295D-0F1D-49D5-9741-2A366487AB20}"
EndProject
Project("{2150E333-8FDC-42A3-9474-1A3956D46DE8}") = "3", "3", "{10966B7F-EFB5-4242-9E82-427950E8B66B}"
EndProject
Project("{FAE04EC0-301F-11D3-BF4B-00C04F79EFBC}") = "ItServiesApp.Test", "ItServiesApp.Test\ItServiesApp.Test.csproj", "{99404A48-D0A1-48DD-9278-696D841E85EE}"
EndProject
Global
	GlobalSection(SolutionConfigurationPlatforms) = preSolution
		Debug|Any CPU = Debug|Any CPU
		Release|Any CPU = Release|Any CPU
	EndGlobalSection
	GlobalSection(ProjectConfigurationPlatforms) = postSolution
		{C2E1DDDA-0D38-42EA-A1DF-E9A724DD9CFA}.Debug|Any CPU.ActiveCfg = Debug|Any CPU
		{C2E1DDDA-0D38-42EA-A1DF-E9A724DD9CFA}.Debug|Any CPU.Build.0 = Debug|Any CPU
		{C2E1DDDA-0D38-42EA-A1DF-E9A724DD9CFA}.Release|Any CPU.ActiveCfg = Release|Any CPU
		{C2E1DDDA-0D38-42EA-A1DF-E9A724DD9CFA}.Release|Any CPU.Build.0 = Release|Any CPU
		{3F8CAF78-032D-40FD-8D3D-9C89378FE111}.Debug|Any CPU.ActiveCfg = Debug|Any CPU
		{3F8CAF78-032D-40FD-8D3D-9C89378FE111}.Debug|Any CPU.Build.0 = Debug|Any CPU
		{3F8CAF78-032D-40FD-8D3D-9C89378FE111}.Release|Any CPU.ActiveCfg = Release|Any CPU
		{3F8CAF78-032D-40FD-8D3D-9C89378FE111}.Release|Any CPU.Build.0 = Release|Any CPU
		{76ED295D-0F1D-49D5-9741-2A366487AB20}.Debug|Any CPU.ActiveCfg = Debug|Any CPU
		{76ED295D-0F1D-49D5-9741-2A366487AB20}.Debug|Any CPU.Build.0 = Debug|Any CPU
		{76ED295D-0F1D-49D5-9741-2A366487AB20}.Release|Any CPU.ActiveCfg = Release|Any CPU
		{76ED295D-0F1D-49D5-9741-2A366487AB20}.Release|Any CPU.Build.0 = Release|Any CPU
		{99404A48-D0A1-48DD-9278-696D841E85EE}.Debug|Any CPU.ActiveCfg = Debug|Any CPU
		{99404A48-D0A1-48DD-9278-696D841E85EE}.Debug|Any CPU.Build.0 = Debug|Any CPU
		{99404A48-D0A1-48DD-9278-696D841E85EE}.Release|Any CPU.ActiveCfg = Release|Any CPU
		{99404A48-D0A1-48DD-9278-696D841E85EE}.Release|Any CPU.Build.0 = Release|Any CPU
	EndGlobalSection
	GlobalSection(SolutionProperties) = preSolution
		HideSolutionNode = FALSE
	EndGlobalSection
	GlobalSection(NestedProjects) = preSolution
		{76ED295D-0F1D-49D5-9741-2A366487AB20} = {10966B7F-EFB5-4242-9E82-427950E8B66B}
		{99404A48-D0A1-48DD-9278-696D841E85EE} = {10966B7F-EFB5-4242-9E82-427950E8B66B}
	EndGlobalSection
	GlobalSection(ExtensibilityGlobals) = postSolution
		SolutionGuid = {07768F9C-0114-4308-8BBF-02646F67585B}
	EndGlobalSection
EndGlobal
